
Microsoft Visual Studio Solution File, Format Version 12.00
# Visual Studio 15
VisualStudioVersion = 15.0.28307.902
MinimumVisualStudioVersion = 10.0.40219.1
Project("{FAE04EC0-301F-11D3-BF4B-00C04F79EFBC}") = "MyPortfolioDemo", "MyPortfolioDemo\MyPortfolioDemo.csproj", "{F3C2824D-5208-49F2-BC3B-93EFC14A44D1}"
EndProject
Project("{FAE04EC0-301F-11D3-BF4B-00C04F79EFBC}") = "DataAccess", "DataAccess\DataAccess.csproj", "{1A00C561-39AB-4316-AFB9-77A76083DECE}"
EndProject
Global
	GlobalSection(SolutionConfigurationPlatforms) = preSolution
		Debug|Any CPU = Debug|Any CPU
		Release|Any CPU = Release|Any CPU
	EndGlobalSection
	GlobalSection(ProjectConfigurationPlatforms) = postSolution
		{F3C2824D-5208-49F2-BC3B-93EFC14A44D1}.Debug|Any CPU.ActiveCfg = Debug|Any CPU
		{F3C2824D-5208-49F2-BC3B-93EFC14A44D1}.Debug|Any CPU.Build.0 = Debug|Any CPU
		{F3C2824D-5208-49F2-BC3B-93EFC14A44D1}.Release|Any CPU.ActiveCfg = Release|Any CPU
		{F3C2824D-5208-49F2-BC3B-93EFC14A44D1}.Release|Any CPU.Build.0 = Release|Any CPU
		{1A00C561-39AB-4316-AFB9-77A76083DECE}.Debug|Any CPU.ActiveCfg = Debug|Any CPU
		{1A00C561-39AB-4316-AFB9-77A76083DECE}.Debug|Any CPU.Build.0 = Debug|Any CPU
		{1A00C561-39AB-4316-AFB9-77A76083DECE}.Release|Any CPU.ActiveCfg = Release|Any CPU
		{1A00C561-39AB-4316-AFB9-77A76083DECE}.Release|Any CPU.Build.0 = Release|Any CPU
	EndGlobalSection
	GlobalSection(SolutionProperties) = preSolution
		HideSolutionNode = FALSE
	EndGlobalSection
	GlobalSection(ExtensibilityGlobals) = postSolution
		SolutionGuid = {B980BDC0-CE22-4F85-8F5C-9874EC90D8C8}
	EndGlobalSection
EndGlobal
